// !$*UTF8*$!
{
	archiveVersion = 1;
	classes = {
	};
	objectVersion = 55;
	objects = {

/* Begin PBXBuildFile section */
		5216F1292759FFB80028F5B2 /* NEWController.swift in Sources */ = {isa = PBXBuildFile; fileRef = 5216F1272759FFB80028F5B2 /* NEWController.swift */; };
		5216F12A2759FFB80028F5B2 /* NEWController.xib in Resources */ = {isa = PBXBuildFile; fileRef = 5216F1282759FFB80028F5B2 /* NEWController.xib */; };
		5216F137275C89850028F5B2 /* therdVC.swift in Sources */ = {isa = PBXBuildFile; fileRef = 5216F135275C89850028F5B2 /* therdVC.swift */; };
		5216F138275C89850028F5B2 /* therdVC.xib in Resources */ = {isa = PBXBuildFile; fileRef = 5216F136275C89850028F5B2 /* therdVC.xib */; };
		527D8E8C2753785E004A1FD1 /* AppDelegate.swift in Sources */ = {isa = PBXBuildFile; fileRef = 527D8E8B2753785E004A1FD1 /* AppDelegate.swift */; };
		527D8E8E2753785E004A1FD1 /* SceneDelegate.swift in Sources */ = {isa = PBXBuildFile; fileRef = 527D8E8D2753785E004A1FD1 /* SceneDelegate.swift */; };
		527D8E902753785E004A1FD1 /* ViewController.swift in Sources */ = {isa = PBXBuildFile; fileRef = 527D8E8F2753785E004A1FD1 /* ViewController.swift */; };
		527D8E932753785E004A1FD1 /* Main.storyboard in Resources */ = {isa = PBXBuildFile; fileRef = 527D8E912753785E004A1FD1 /* Main.storyboard */; };
		527D8E9527537860004A1FD1 /* Assets.xcassets in Resources */ = {isa = PBXBuildFile; fileRef = 527D8E9427537860004A1FD1 /* Assets.xcassets */; };
		527D8E9827537860004A1FD1 /* LaunchScreen.storyboard in Resources */ = {isa = PBXBuildFile; fileRef = 527D8E9627537860004A1FD1 /* LaunchScreen.storyboard */; };
/* End PBXBuildFile section */

/* Begin PBXFileReference section */
		5216F1272759FFB80028F5B2 /* NEWController.swift */ = {isa = PBXFileReference; lastKnownFileType = sourcecode.swift; path = NEWController.swift; sourceTree = "<group>"; };
		5216F1282759FFB80028F5B2 /* NEWController.xib */ = {isa = PBXFileReference; lastKnownFileType = file.xib; path = NEWController.xib; sourceTree = "<group>"; };
		5216F135275C89850028F5B2 /* therdVC.swift */ = {isa = PBXFileReference; lastKnownFileType = sourcecode.swift; path = therdVC.swift; sourceTree = "<group>"; };
		5216F136275C89850028F5B2 /* therdVC.xib */ = {isa = PBXFileReference; lastKnownFileType = file.xib; path = therdVC.xib; sourceTree = "<group>"; };
		527D8E882753785E004A1FD1 /* first_idz.app */ = {isa = PBXFileReference; explicitFileType = wrapper.application; includeInIndex = 0; path = first_idz.app; sourceTree = BUILT_PRODUCTS_DIR; };
		527D8E8B2753785E004A1FD1 /* AppDelegate.swift */ = {isa = PBXFileReference; lastKnownFileType = sourcecode.swift; path = AppDelegate.swift; sourceTree = "<group>"; };
		527D8E8D2753785E004A1FD1 /* SceneDelegate.swift */ = {isa = PBXFileReference; lastKnownFileType = sourcecode.swift; path = SceneDelegate.swift; sourceTree = "<group>"; };
		527D8E8F2753785E004A1FD1 /* ViewController.swift */ = {isa = PBXFileReference; lastKnownFileType = sourcecode.swift; path = ViewController.swift; sourceTree = "<group>"; };
		527D8E922753785E004A1FD1 /* Base */ = {isa = PBXFileReference; lastKnownFileType = file.storyboard; name = Base; path = Base.lproj/Main.storyboard; sourceTree = "<group>"; };
		527D8E9427537860004A1FD1 /* Assets.xcassets */ = {isa = PBXFileReference; lastKnownFileType = folder.assetcatalog; path = Assets.xcassets; sourceTree = "<group>"; };
		527D8E9727537860004A1FD1 /* Base */ = {isa = PBXFileReference; lastKnownFileType = file.storyboard; name = Base; path = Base.lproj/LaunchScreen.storyboard; sourceTree = "<group>"; };
		527D8E9927537860004A1FD1 /* Info.plist */ = {isa = PBXFileReference; lastKnownFileType = text.plist.xml; path = Info.plist; sourceTree = "<group>"; };
/* End PBXFileReference section */

/* Begin PBXFrameworksBuildPhase section */
		527D8E852753785E004A1FD1 /* Frameworks */ = {
			isa = PBXFrameworksBuildPhase;
			buildActionMask = 2147483647;
			files = (
			);
			runOnlyForDeploymentPostprocessing = 0;
		};
/* End PBXFrameworksBuildPhase section */

/* Begin PBXGroup section */
		527D8E7F2753785E004A1FD1 = {
			isa = PBXGroup;
			children = (
				5216F135275C89850028F5B2 /* therdVC.swift */,
				5216F136275C89850028F5B2 /* therdVC.xib */,
				5216F1272759FFB80028F5B2 /* NEWController.swift */,
				5216F1282759FFB80028F5B2 /* NEWController.xib */,
				527D8E8A2753785E004A1FD1 /* first_idz */,
				527D8E892753785E004A1FD1 /* Products */,
			);
			sourceTree = "<group>";
		};
		527D8E892753785E004A1FD1 /* Products */ = {
			isa = PBXGroup;
			children = (
				527D8E882753785E004A1FD1 /* first_idz.app */,
			);
			name = Products;
			sourceTree = "<group>";
		};
		527D8E8A2753785E004A1FD1 /* first_idz */ = {
			isa = PBXGroup;
			children = (
				527D8E8B2753785E004A1FD1 /* AppDelegate.swift */,
				527D8E8D2753785E004A1FD1 /* SceneDelegate.swift */,
				527D8E8F2753785E004A1FD1 /* ViewController.swift */,
				527D8E912753785E004A1FD1 /* Main.storyboard */,
				527D8E9427537860004A1FD1 /* Assets.xcassets */,
				527D8E9627537860004A1FD1 /* LaunchScreen.storyboard */,
				527D8E9927537860004A1FD1 /* Info.plist */,
			);
			path = first_idz;
			sourceTree = "<group>";
		};
/* End PBXGroup section */

/* Begin PBXNativeTarget section */
		527D8E872753785E004A1FD1 /* first_idz */ = {
			isa = PBXNativeTarget;
			buildConfigurationList = 527D8E9C27537860004A1FD1 /* Build configuration list for PBXNativeTarget "first_idz" */;
			buildPhases = (
				527D8E842753785E004A1FD1 /* Sources */,
				527D8E852753785E004A1FD1 /* Frameworks */,
				527D8E862753785E004A1FD1 /* Resources */,
			);
			buildRules = (
			);
			dependencies = (
			);
			name = first_idz;
			productName = first_idz;
			productReference = 527D8E882753785E004A1FD1 /* first_idz.app */;
			productType = "com.apple.product-type.application";
		};
/* End PBXNativeTarget section */

/* Begin PBXProject section */
		527D8E802753785E004A1FD1 /* Project object */ = {
			isa = PBXProject;
			attributes = {
				BuildIndependentTargetsInParallel = 1;
				LastSwiftUpdateCheck = 1310;
				LastUpgradeCheck = 1310;
				TargetAttributes = {
					527D8E872753785E004A1FD1 = {
						CreatedOnToolsVersion = 13.1;
					};
				};
			};
			buildConfigurationList = 527D8E832753785E004A1FD1 /* Build configuration list for PBXProject "first_idz" */;
			compatibilityVersion = "Xcode 13.0";
			developmentRegion = en;
			hasScannedForEncodings = 0;
			knownRegions = (
				en,
				Base,
			);
			mainGroup = 527D8E7F2753785E004A1FD1;
			productRefGroup = 527D8E892753785E004A1FD1 /* Products */;
			projectDirPath = "";
			projectRoot = "";
			targets = (
				527D8E872753785E004A1FD1 /* first_idz */,
			);
		};
/* End PBXProject section */

/* Begin PBXResourcesBuildPhase section */
		527D8E862753785E004A1FD1 /* Resources */ = {
			isa = PBXResourcesBuildPhase;
			buildActionMask = 2147483647;
			files = (
				5216F12A2759FFB80028F5B2 /* NEWController.xib in Resources */,
				527D8E9827537860004A1FD1 /* LaunchScreen.storyboard in Resources */,
				527D8E9527537860004A1FD1 /* Assets.xcassets in Resources */,
				527D8E932753785E004A1FD1 /* Main.storyboard in Resources */,
				5216F138275C89850028F5B2 /* therdVC.xib in Resources */,
			);
			runOnlyForDeploymentPostprocessing = 0;
		};
/* End PBXResourcesBuildPhase section */

/* Begin PBXSourcesBuildPhase section */
		527D8E842753785E004A1FD1 /* Sources */ = {
			isa = PBXSourcesBuildPhase;
			buildActionMask = 2147483647;
			files = (
				5216F1292759FFB80028F5B2 /* NEWController.swift in Sources */,
				527D8E902753785E004A1FD1 /* ViewController.swift in Sources */,
				527D8E8C2753785E004A1FD1 /* AppDelegate.swift in Sources */,
				527D8E8E2753785E004A1FD1 /* SceneDelegate.swift in Sources */,
				5216F137275C89850028F5B2 /* therdVC.swift in Sources */,
			);
			runOnlyForDeploymentPostprocessing = 0;
		};
/* End PBXSourcesBuildPhase section */

/* Begin PBXVariantGroup section */
		527D8E912753785E004A1FD1 /* Main.storyboard */ = {
			isa = PBXVariantGroup;
			children = (
				527D8E922753785E004A1FD1 /* Base */,
			);
			name = Main.storyboard;
			sourceTree = "<group>";
		};
		527D8E9627537860004A1FD1 /* LaunchScreen.storyboard */ = {
			isa = PBXVariantGroup;
			children = (
				527D8E9727537860004A1FD1 /* Base */,
			);
			name = LaunchScreen.storyboard;
			sourceTree = "<group>";
		};
/* End PBXVariantGroup section */

/* Begin XCBuildConfiguration section */
		527D8E9A27537860004A1FD1 /* Debug */ = {
			isa = XCBuildConfiguration;
			buildSettings = {
				ALWAYS_SEARCH_USER_PATHS = NO;
				CLANG_ANALYZER_NONNULL = YES;
				CLANG_ANALYZER_NUMBER_OBJECT_CONVERSION = YES_AGGRESSIVE;
				CLANG_CXX_LANGUAGE_STANDARD = "gnu++17";
				CLANG_CXX_LIBRARY = "libc++";
				CLANG_ENABLE_MODULES = YES;
				CLANG_ENABLE_OBJC_ARC = YES;
				CLANG_ENABLE_OBJC_WEAK = YES;
				CLANG_WARN_BLOCK_CAPTURE_AUTORELEASING = YES;
				CLANG_WARN_BOOL_CONVERSION = YES;
				CLANG_WARN_COMMA = YES;
				CLANG_WARN_CONSTANT_CONVERSION = YES;
				CLANG_WARN_DEPRECATED_OBJC_IMPLEMENTATIONS = YES;
				CLANG_WARN_DIRECT_OBJC_ISA_USAGE = YES_ERROR;
				CLANG_WARN_DOCUMENTATION_COMMENTS = YES;
				CLANG_WARN_EMPTY_BODY = YES;
				CLANG_WARN_ENUM_CONVERSION = YES;
				CLANG_WARN_INFINITE_RECURSION = YES;
				CLANG_WARN_INT_CONVERSION = YES;
				CLANG_WARN_NON_LITERAL_NULL_CONVERSION = YES;
				CLANG_WARN_OBJC_IMPLICIT_RETAIN_SELF = YES;
				CLANG_WARN_OBJC_LITERAL_CONVERSION = YES;
				CLANG_WARN_OBJC_ROOT_CLASS = YES_ERROR;
				CLANG_WARN_QUOTED_INCLUDE_IN_FRAMEWORK_HEADER = YES;
				CLANG_WARN_RANGE_LOOP_ANALYSIS = YES;
				CLANG_WARN_STRICT_PROTOTYPES = YES;
				CLANG_WARN_SUSPICIOUS_MOVE = YES;
				CLANG_WARN_UNGUARDED_AVAILABILITY = YES_AGGRESSIVE;
				CLANG_WARN_UNREACHABLE_CODE = YES;
				CLANG_WARN__DUPLICATE_METHOD_MATCH = YES;
				COPY_PHASE_STRIP = NO;
				DEBUG_INFORMATION_FORMAT = dwarf;
				ENABLE_STRICT_OBJC_MSGSEND = YES;
				ENABLE_TESTABILITY = YES;
				GCC_C_LANGUAGE_STANDARD = gnu11;
				GCC_DYNAMIC_NO_PIC = NO;
				GCC_NO_COMMON_BLOCKS = YES;
				GCC_OPTIMIZATION_LEVEL = 0;
				GCC_PREPROCESSOR_DEFINITIONS = (
					"DEBUG=1",
					"$(inherited)",
				);
				GCC_WARN_64_TO_32_BIT_CONVERSION = YES;
				GCC_WARN_ABOUT_RETURN_TYPE = YES_ERROR;
				GCC_WARN_UNDECLARED_SELECTOR = YES;
				GCC_WARN_UNINITIALIZED_AUTOS = YES_AGGRESSIVE;
				GCC_WARN_UNUSED_FUNCTION = YES;
				GCC_WARN_UNUSED_VARIABLE = YES;
				IPHONEOS_DEPLOYMENT_TARGET = 15.0;
				MTL_ENABLE_DEBUG_INFO = INCLUDE_SOURCE;
				MTL_FAST_MATH = YES;
				ONLY_ACTIVE_ARCH = YES;
				SDKROOT = iphoneos;
				SWIFT_ACTIVE_COMPILATION_CONDITIONS = DEBUG;
				SWIFT_OPTIMIZATION_LEVEL = "-Onone";
			};
			name = Debug;
		};
		527D8E9B27537860004A1FD1 /* Release */ = {
			isa = XCBuildConfiguration;
			buildSettings = {
				ALWAYS_SEARCH_USER_PATHS = NO;
				CLANG_ANALYZER_NONNULL = YES;
				CLANG_ANALYZER_NUMBER_OBJECT_CONVERSION = YES_AGGRESSIVE;
				CLANG_CXX_LANGUAGE_STANDARD = "gnu++17";
				CLANG_CXX_LIBRARY = "libc++";
				CLANG_ENABLE_MODULES = YES;
				CLANG_ENABLE_OBJC_ARC = YES;
				CLANG_ENABLE_OBJC_WEAK = YES;
				CLANG_WARN_BLOCK_CAPTURE_AUTORELEASING = YES;
				CLANG_WARN_BOOL_CONVERSION = YES;
				CLANG_WARN_COMMA = YES;
				CLANG_WARN_CONSTANT_CONVERSION = YES;
				CLANG_WARN_DEPRECATED_OBJC_IMPLEMENTATIONS = YES;
				CLANG_WARN_DIRECT_OBJC_ISA_USAGE = YES_ERROR;
				CLANG_WARN_DOCUMENTATION_COMMENTS = YES;
				CLANG_WARN_EMPTY_BODY = YES;
				CLANG_WARN_ENUM_CONVERSION = YES;
				CLANG_WARN_INFINITE_RECURSION = YES;
				CLANG_WARN_INT_CONVERSION = YES;
				CLANG_WARN_NON_LITERAL_NULL_CONVERSION = YES;
				CLANG_WARN_OBJC_IMPLICIT_RETAIN_SELF = YES;
				CLANG_WARN_OBJC_LITERAL_CONVERSION = YES;
				CLANG_WARN_OBJC_ROOT_CLASS = YES_ERROR;
				CLANG_WARN_QUOTED_INCLUDE_IN_FRAMEWORK_HEADER = YES;
				CLANG_WARN_RANGE_LOOP_ANALYSIS = YES;
				CLANG_WARN_STRICT_PROTOTYPES = YES;
				CLANG_WARN_SUSPICIOUS_MOVE = YES;
				CLANG_WARN_UNGUARDED_AVAILABILITY = YES_AGGRESSIVE;
				CLANG_WARN_UNREACHABLE_CODE = YES;
				CLANG_WARN__DUPLICATE_METHOD_MATCH = YES;
				COPY_PHASE_STRIP = NO;
				DEBUG_INFORMATION_FORMAT = "dwarf-with-dsym";
				ENABLE_NS_ASSERTIONS = NO;
				ENABLE_STRICT_OBJC_MSGSEND = YES;
				GCC_C_LANGUAGE_STANDARD = gnu11;
				GCC_NO_COMMON_BLOCKS = YES;
				GCC_WARN_64_TO_32_BIT_CONVERSION = YES;
				GCC_WARN_ABOUT_RETURN_TYPE = YES_ERROR;
				GCC_WARN_UNDECLARED_SELECTOR = YES;
				GCC_WARN_UNINITIALIZED_AUTOS = YES_AGGRESSIVE;
				GCC_WARN_UNUSED_FUNCTION = YES;
				GCC_WARN_UNUSED_VARIABLE = YES;
				IPHONEOS_DEPLOYMENT_TARGET = 15.0;
				MTL_ENABLE_DEBUG_INFO = NO;
				MTL_FAST_MATH = YES;
				SDKROOT = iphoneos;
				SWIFT_COMPILATION_MODE = wholemodule;
				SWIFT_OPTIMIZATION_LEVEL = "-O";
				VALIDATE_PRODUCT = YES;
			};
			name = Release;
		};
		527D8E9D27537860004A1FD1 /* Debug */ = {
			isa = XCBuildConfiguration;
			buildSettings = {
				ASSETCATALOG_COMPILER_APPICON_NAME = AppIcon;
				ASSETCATALOG_COMPILER_GLOBAL_ACCENT_COLOR_NAME = AccentColor;
				CODE_SIGN_STYLE = Automatic;
				CURRENT_PROJECT_VERSION = 1;
				DEVELOPMENT_TEAM = FR5LUZUG4Y;
				GENERATE_INFOPLIST_FILE = YES;
				INFOPLIST_FILE = first_idz/Info.plist;
				INFOPLIST_KEY_UIApplicationSupportsIndirectInputEvents = YES;
				INFOPLIST_KEY_UILaunchStoryboardName = LaunchScreen;
				INFOPLIST_KEY_UIMainStoryboardFile = Main;
				INFOPLIST_KEY_UISupportedInterfaceOrientations_iPad = "UIInterfaceOrientationPortrait UIInterfaceOrientationPortraitUpsideDown UIInterfaceOrientationLandscapeLeft UIInterfaceOrientationLandscapeRight";
				INFOPLIST_KEY_UISupportedInterfaceOrientations_iPhone = "UIInterfaceOrientationPortrait UIInterfaceOrientationLandscapeLeft UIInterfaceOrientationLandscapeRight";
				LD_RUNPATH_SEARCH_PATHS = (
					"$(inherited)",
					"@executable_path/Frameworks",
				);
				MARKETING_VERSION = 1.0;
				PRODUCT_BUNDLE_IDENTIFIER = "io.first.first-idz";
				PRODUCT_NAME = "$(TARGET_NAME)";
				SWIFT_EMIT_LOC_STRINGS = YES;
				SWIFT_VERSION = 5.0;
				TARGETED_DEVICE_FAMILY = "1,2";
			};
			name = Debug;
		};
		527D8E9E27537860004A1FD1 /* Release */ = {
			isa = XCBuildConfiguration;
			buildSettings = {
				ASSETCATALOG_COMPILER_APPICON_NAME = AppIcon;
				ASSETCATALOG_COMPILER_GLOBAL_ACCENT_COLOR_NAME = AccentColor;
				CODE_SIGN_STYLE = Automatic;
				CURRENT_PROJECT_VERSION = 1;
				DEVELOPMENT_TEAM = FR5LUZUG4Y;
				GENERATE_INFOPLIST_FILE = YES;
				INFOPLIST_FILE = first_idz/Info.plist;
				INFOPLIST_KEY_UIApplicationSupportsIndirectInputEvents = YES;
				INFOPLIST_KEY_UILaunchStoryboardName = LaunchScreen;
				INFOPLIST_KEY_UIMainStoryboardFile = Main;
				INFOPLIST_KEY_UISupportedInterfaceOrientations_iPad = "UIInterfaceOrientationPortrait UIInterfaceOrientationPortraitUpsideDown UIInterfaceOrientationLandscapeLeft UIInterfaceOrientationLandscapeRight";
				INFOPLIST_KEY_UISupportedInterfaceOrientations_iPhone = "UIInterfaceOrientationPortrait UIInterfaceOrientationLandscapeLeft UIInterfaceOrientationLandscapeRight";
				LD_RUNPATH_SEARCH_PATHS = (
					"$(inherited)",
					"@executable_path/Frameworks",
				);
				MARKETING_VERSION = 1.0;
				PRODUCT_BUNDLE_IDENTIFIER = "io.first.first-idz";
				PRODUCT_NAME = "$(TARGET_NAME)";
				SWIFT_EMIT_LOC_STRINGS = YES;
				SWIFT_VERSION = 5.0;
				TARGETED_DEVICE_FAMILY = "1,2";
			};
			name = Release;
		};
/* End XCBuildConfiguration section */

/* Begin XCConfigurationList section */
		527D8E832753785E004A1FD1 /* Build configuration list for PBXProject "first_idz" */ = {
			isa = XCConfigurationList;
			buildConfigurations = (
				527D8E9A27537860004A1FD1 /* Debug */,
				527D8E9B27537860004A1FD1 /* Release */,
			);
			defaultConfigurationIsVisible = 0;
			defaultConfigurationName = Release;
		};
		527D8E9C27537860004A1FD1 /* Build configuration list for PBXNativeTarget "first_idz" */ = {
			isa = XCConfigurationList;
			buildConfigurations = (
				527D8E9D27537860004A1FD1 /* Debug */,
				527D8E9E27537860004A1FD1 /* Release */,
			);
			defaultConfigurationIsVisible = 0;
			defaultConfigurationName = Release;
		};
/* End XCConfigurationList section */
	};
	rootObject = 527D8E802753785E004A1FD1 /* Project object */;
}
